
Microsoft Visual Studio Solution File, Format Version 12.00
# Visual Studio 14
VisualStudioVersion = 14.0.25420.1
MinimumVisualStudioVersion = 10.0.40219.1
Project("{FAE04EC0-301F-11D3-BF4B-00C04F79EFBC}") = "WebDataBase", "WebDataBase\WebDataBase.csproj", "{AC0132C0-41D6-4018-9C05-A8278DE4F868}"
EndProject
Project("{FAE04EC0-301F-11D3-BF4B-00C04F79EFBC}") = "LogicaDatos", "LogicaDatos\LogicaDatos.csproj", "{BC1B40D3-F250-447E-A996-9D1FFE405267}"
EndProject
Global
	GlobalSection(SolutionConfigurationPlatforms) = preSolution
		Debug|Any CPU = Debug|Any CPU
		Release|Any CPU = Release|Any CPU
	EndGlobalSection
	GlobalSection(ProjectConfigurationPlatforms) = postSolution
		{AC0132C0-41D6-4018-9C05-A8278DE4F868}.Debug|Any CPU.ActiveCfg = Debug|Any CPU
		{AC0132C0-41D6-4018-9C05-A8278DE4F868}.Debug|Any CPU.Build.0 = Debug|Any CPU
		{AC0132C0-41D6-4018-9C05-A8278DE4F868}.Release|Any CPU.ActiveCfg = Release|Any CPU
		{AC0132C0-41D6-4018-9C05-A8278DE4F868}.Release|Any CPU.Build.0 = Release|Any CPU
		{BC1B40D3-F250-447E-A996-9D1FFE405267}.Debug|Any CPU.ActiveCfg = Debug|Any CPU
		{BC1B40D3-F250-447E-A996-9D1FFE405267}.Debug|Any CPU.Build.0 = Debug|Any CPU
		{BC1B40D3-F250-447E-A996-9D1FFE405267}.Release|Any CPU.ActiveCfg = Release|Any CPU
		{BC1B40D3-F250-447E-A996-9D1FFE405267}.Release|Any CPU.Build.0 = Release|Any CPU
	EndGlobalSection
	GlobalSection(SolutionProperties) = preSolution
		HideSolutionNode = FALSE
	EndGlobalSection
EndGlobal
